
Microsoft Visual Studio Solution File, Format Version 12.00
# Visual Studio Version 17
VisualStudioVersion = 17.10.34707.107
MinimumVisualStudioVersion = 10.0.40219.1
Project("{FAE04EC0-301F-11D3-BF4B-00C04F79EFBC}") = "Ecommerce", "Ecommerce\Ecommerce.csproj", "{70097C38-D39B-4165-B14A-70F2C162C9F9}"
EndProject
Global
	GlobalSection(SolutionConfigurationPlatforms) = preSolution
		Debug|Any CPU = Debug|Any CPU
		Release|Any CPU = Release|Any CPU
	EndGlobalSection
	GlobalSection(ProjectConfigurationPlatforms) = postSolution
		{70097C38-D39B-4165-B14A-70F2C162C9F9}.Debug|Any CPU.ActiveCfg = Debug|Any CPU
		{70097C38-D39B-4165-B14A-70F2C162C9F9}.Debug|Any CPU.Build.0 = Debug|Any CPU
		{70097C38-D39B-4165-B14A-70F2C162C9F9}.Release|Any CPU.ActiveCfg = Release|Any CPU
		{70097C38-D39B-4165-B14A-70F2C162C9F9}.Release|Any CPU.Build.0 = Release|Any CPU
	EndGlobalSection
	GlobalSection(SolutionProperties) = preSolution
		HideSolutionNode = FALSE
	EndGlobalSection
	GlobalSection(ExtensibilityGlobals) = postSolution
		SolutionGuid = {1688C2C4-2479-4776-A450-0983BE49C2A3}
	EndGlobalSection
EndGlobal
